// !$*UTF8*$!
{
	archiveVersion = 1;
	classes = {
	};
	objectVersion = 56;
	objects = {

/* Begin PBXBuildFile section */
		521896332C3C7BB5009649A5 /* response.json in Resources */ = {isa = PBXBuildFile; fileRef = 521896322C3C7BB5009649A5 /* response.json */; };
		521896352C3C9295009649A5 /* HomeView.swift in Sources */ = {isa = PBXBuildFile; fileRef = 521896342C3C9295009649A5 /* HomeView.swift */; };
		521896372C3C947C009649A5 /* SubtitleManager.swift in Sources */ = {isa = PBXBuildFile; fileRef = 521896362C3C947C009649A5 /* SubtitleManager.swift */; };
		521896392C3C95EC009649A5 /* MainView.swift in Sources */ = {isa = PBXBuildFile; fileRef = 521896382C3C95EC009649A5 /* MainView.swift */; };
		5218963B2C3C99A8009649A5 /* TranscriptView.swift in Sources */ = {isa = PBXBuildFile; fileRef = 5218963A2C3C99A8009649A5 /* TranscriptView.swift */; };
		52C8008E2C39535100053706 /* iOS_Dev_Internship_AssigmentApp.swift in Sources */ = {isa = PBXBuildFile; fileRef = 52C8008D2C39535100053706 /* iOS_Dev_Internship_AssigmentApp.swift */; };
		52C800902C39535100053706 /* ContentView.swift in Sources */ = {isa = PBXBuildFile; fileRef = 52C8008F2C39535100053706 /* ContentView.swift */; };
		52C800922C39535400053706 /* Assets.xcassets in Resources */ = {isa = PBXBuildFile; fileRef = 52C800912C39535400053706 /* Assets.xcassets */; };
		52C800952C39535400053706 /* Preview Assets.xcassets in Resources */ = {isa = PBXBuildFile; fileRef = 52C800942C39535400053706 /* Preview Assets.xcassets */; };
		52C8009F2C39535400053706 /* iOS_Dev_Internship_AssigmentTests.swift in Sources */ = {isa = PBXBuildFile; fileRef = 52C8009E2C39535400053706 /* iOS_Dev_Internship_AssigmentTests.swift */; };
		52C800A92C39535400053706 /* iOS_Dev_Internship_AssigmentUITests.swift in Sources */ = {isa = PBXBuildFile; fileRef = 52C800A82C39535400053706 /* iOS_Dev_Internship_AssigmentUITests.swift */; };
		52C800AB2C39535400053706 /* iOS_Dev_Internship_AssigmentUITestsLaunchTests.swift in Sources */ = {isa = PBXBuildFile; fileRef = 52C800AA2C39535400053706 /* iOS_Dev_Internship_AssigmentUITestsLaunchTests.swift */; };
		52C800B82C39550B00053706 /* test.mov in Resources */ = {isa = PBXBuildFile; fileRef = 52C800B72C39550B00053706 /* test.mov */; };
		52C800BC2C39569C00053706 /* SubtitleModel.swift in Sources */ = {isa = PBXBuildFile; fileRef = 52C800BB2C39569C00053706 /* SubtitleModel.swift */; };
/* End PBXBuildFile section */

/* Begin PBXContainerItemProxy section */
		52C8009B2C39535400053706 /* PBXContainerItemProxy */ = {
			isa = PBXContainerItemProxy;
			containerPortal = 52C800822C39535100053706 /* Project object */;
			proxyType = 1;
			remoteGlobalIDString = 52C800892C39535100053706;
			remoteInfo = "iOS Dev Internship Assigment";
		};
		52C800A52C39535400053706 /* PBXContainerItemProxy */ = {
			isa = PBXContainerItemProxy;
			containerPortal = 52C800822C39535100053706 /* Project object */;
			proxyType = 1;
			remoteGlobalIDString = 52C800892C39535100053706;
			remoteInfo = "iOS Dev Internship Assigment";
		};
/* End PBXContainerItemProxy section */

/* Begin PBXFileReference section */
		521896322C3C7BB5009649A5 /* response.json */ = {isa = PBXFileReference; fileEncoding = 4; lastKnownFileType = text.json; path = response.json; sourceTree = "<group>"; };
		521896342C3C9295009649A5 /* HomeView.swift */ = {isa = PBXFileReference; lastKnownFileType = sourcecode.swift; path = HomeView.swift; sourceTree = "<group>"; };
		521896362C3C947C009649A5 /* SubtitleManager.swift */ = {isa = PBXFileReference; lastKnownFileType = sourcecode.swift; path = SubtitleManager.swift; sourceTree = "<group>"; };
		521896382C3C95EC009649A5 /* MainView.swift */ = {isa = PBXFileReference; lastKnownFileType = sourcecode.swift; path = MainView.swift; sourceTree = "<group>"; };
		5218963A2C3C99A8009649A5 /* TranscriptView.swift */ = {isa = PBXFileReference; lastKnownFileType = sourcecode.swift; path = TranscriptView.swift; sourceTree = "<group>"; };
		527779312C3D389A00EF54DD /* README.md */ = {isa = PBXFileReference; lastKnownFileType = net.daringfireball.markdown; path = README.md; sourceTree = "<group>"; };
		52C8008A2C39535100053706 /* iOS Dev Internship Assigment.app */ = {isa = PBXFileReference; explicitFileType = wrapper.application; includeInIndex = 0; path = "iOS Dev Internship Assigment.app"; sourceTree = BUILT_PRODUCTS_DIR; };
		52C8008D2C39535100053706 /* iOS_Dev_Internship_AssigmentApp.swift */ = {isa = PBXFileReference; lastKnownFileType = sourcecode.swift; path = iOS_Dev_Internship_AssigmentApp.swift; sourceTree = "<group>"; };
		52C8008F2C39535100053706 /* ContentView.swift */ = {isa = PBXFileReference; lastKnownFileType = sourcecode.swift; path = ContentView.swift; sourceTree = "<group>"; };
		52C800912C39535400053706 /* Assets.xcassets */ = {isa = PBXFileReference; lastKnownFileType = folder.assetcatalog; path = Assets.xcassets; sourceTree = "<group>"; };
		52C800942C39535400053706 /* Preview Assets.xcassets */ = {isa = PBXFileReference; lastKnownFileType = folder.assetcatalog; path = "Preview Assets.xcassets"; sourceTree = "<group>"; };
		52C8009A2C39535400053706 /* iOS Dev Internship AssigmentTests.xctest */ = {isa = PBXFileReference; explicitFileType = wrapper.cfbundle; includeInIndex = 0; path = "iOS Dev Internship AssigmentTests.xctest"; sourceTree = BUILT_PRODUCTS_DIR; };
		52C8009E2C39535400053706 /* iOS_Dev_Internship_AssigmentTests.swift */ = {isa = PBXFileReference; lastKnownFileType = sourcecode.swift; path = iOS_Dev_Internship_AssigmentTests.swift; sourceTree = "<group>"; };
		52C800A42C39535400053706 /* iOS Dev Internship AssigmentUITests.xctest */ = {isa = PBXFileReference; explicitFileType = wrapper.cfbundle; includeInIndex = 0; path = "iOS Dev Internship AssigmentUITests.xctest"; sourceTree = BUILT_PRODUCTS_DIR; };
		52C800A82C39535400053706 /* iOS_Dev_Internship_AssigmentUITests.swift */ = {isa = PBXFileReference; lastKnownFileType = sourcecode.swift; path = iOS_Dev_Internship_AssigmentUITests.swift; sourceTree = "<group>"; };
		52C800AA2C39535400053706 /* iOS_Dev_Internship_AssigmentUITestsLaunchTests.swift */ = {isa = PBXFileReference; lastKnownFileType = sourcecode.swift; path = iOS_Dev_Internship_AssigmentUITestsLaunchTests.swift; sourceTree = "<group>"; };
		52C800B72C39550B00053706 /* test.mov */ = {isa = PBXFileReference; lastKnownFileType = video.quicktime; path = test.mov; sourceTree = "<group>"; };
		52C800BB2C39569C00053706 /* SubtitleModel.swift */ = {isa = PBXFileReference; lastKnownFileType = sourcecode.swift; path = SubtitleModel.swift; sourceTree = "<group>"; };
/* End PBXFileReference section */

/* Begin PBXFrameworksBuildPhase section */
		52C800872C39535100053706 /* Frameworks */ = {
			isa = PBXFrameworksBuildPhase;
			buildActionMask = 2147483647;
			files = (
			);
			runOnlyForDeploymentPostprocessing = 0;
		};
		52C800972C39535400053706 /* Frameworks */ = {
			isa = PBXFrameworksBuildPhase;
			buildActionMask = 2147483647;
			files = (
			);
			runOnlyForDeploymentPostprocessing = 0;
		};
		52C800A12C39535400053706 /* Frameworks */ = {
			isa = PBXFrameworksBuildPhase;
			buildActionMask = 2147483647;
			files = (
			);
			runOnlyForDeploymentPostprocessing = 0;
		};
/* End PBXFrameworksBuildPhase section */

/* Begin PBXGroup section */
		5277792E2C3D346400EF54DD /* Model */ = {
			isa = PBXGroup;
			children = (
				52C800BB2C39569C00053706 /* SubtitleModel.swift */,
			);
			path = Model;
			sourceTree = "<group>";
		};
		5277792F2C3D346C00EF54DD /* View */ = {
			isa = PBXGroup;
			children = (
				5218963A2C3C99A8009649A5 /* TranscriptView.swift */,
				521896382C3C95EC009649A5 /* MainView.swift */,
				521896342C3C9295009649A5 /* HomeView.swift */,
			);
			path = View;
			sourceTree = "<group>";
		};
		527779302C3D347000EF54DD /* Controller */ = {
			isa = PBXGroup;
			children = (
				521896362C3C947C009649A5 /* SubtitleManager.swift */,
			);
			path = Controller;
			sourceTree = "<group>";
		};
		52C800812C39535100053706 = {
			isa = PBXGroup;
			children = (
				527779312C3D389A00EF54DD /* README.md */,
				52C8008C2C39535100053706 /* iOS Dev Internship Assigment */,
				52C8009D2C39535400053706 /* iOS Dev Internship AssigmentTests */,
				52C800A72C39535400053706 /* iOS Dev Internship AssigmentUITests */,
				52C8008B2C39535100053706 /* Products */,
			);
			sourceTree = "<group>";
		};
		52C8008B2C39535100053706 /* Products */ = {
			isa = PBXGroup;
			children = (
				52C8008A2C39535100053706 /* iOS Dev Internship Assigment.app */,
				52C8009A2C39535400053706 /* iOS Dev Internship AssigmentTests.xctest */,
				52C800A42C39535400053706 /* iOS Dev Internship AssigmentUITests.xctest */,
			);
			name = Products;
			sourceTree = "<group>";
		};
		52C8008C2C39535100053706 /* iOS Dev Internship Assigment */ = {
			isa = PBXGroup;
			children = (
				52C8008F2C39535100053706 /* ContentView.swift */,
				527779302C3D347000EF54DD /* Controller */,
				5277792F2C3D346C00EF54DD /* View */,
				5277792E2C3D346400EF54DD /* Model */,
				52C8008D2C39535100053706 /* iOS_Dev_Internship_AssigmentApp.swift */,
				521896322C3C7BB5009649A5 /* response.json */,
				52C800912C39535400053706 /* Assets.xcassets */,
				52C800B72C39550B00053706 /* test.mov */,
				52C800932C39535400053706 /* Preview Content */,
			);
			path = "iOS Dev Internship Assigment";
			sourceTree = "<group>";
		};
		52C800932C39535400053706 /* Preview Content */ = {
			isa = PBXGroup;
			children = (
				52C800942C39535400053706 /* Preview Assets.xcassets */,
			);
			path = "Preview Content";
			sourceTree = "<group>";
		};
		52C8009D2C39535400053706 /* iOS Dev Internship AssigmentTests */ = {
			isa = PBXGroup;
			children = (
				52C8009E2C39535400053706 /* iOS_Dev_Internship_AssigmentTests.swift */,
			);
			path = "iOS Dev Internship AssigmentTests";
			sourceTree = "<group>";
		};
		52C800A72C39535400053706 /* iOS Dev Internship AssigmentUITests */ = {
			isa = PBXGroup;
			children = (
				52C800A82C39535400053706 /* iOS_Dev_Internship_AssigmentUITests.swift */,
				52C800AA2C39535400053706 /* iOS_Dev_Internship_AssigmentUITestsLaunchTests.swift */,
			);
			path = "iOS Dev Internship AssigmentUITests";
			sourceTree = "<group>";
		};
/* End PBXGroup section */

/* Begin PBXNativeTarget section */
		52C800892C39535100053706 /* iOS Dev Internship Assigment */ = {
			isa = PBXNativeTarget;
			buildConfigurationList = 52C800AE2C39535400053706 /* Build configuration list for PBXNativeTarget "iOS Dev Internship Assigment" */;
			buildPhases = (
				52C800862C39535100053706 /* Sources */,
				52C800872C39535100053706 /* Frameworks */,
				52C800882C39535100053706 /* Resources */,
			);
			buildRules = (
			);
			dependencies = (
			);
			name = "iOS Dev Internship Assigment";
			productName = "iOS Dev Internship Assigment";
			productReference = 52C8008A2C39535100053706 /* iOS Dev Internship Assigment.app */;
			productType = "com.apple.product-type.application";
		};
		52C800992C39535400053706 /* iOS Dev Internship AssigmentTests */ = {
			isa = PBXNativeTarget;
			buildConfigurationList = 52C800B12C39535400053706 /* Build configuration list for PBXNativeTarget "iOS Dev Internship AssigmentTests" */;
			buildPhases = (
				52C800962C39535400053706 /* Sources */,
				52C800972C39535400053706 /* Frameworks */,
				52C800982C39535400053706 /* Resources */,
			);
			buildRules = (
			);
			dependencies = (
				52C8009C2C39535400053706 /* PBXTargetDependency */,
			);
			name = "iOS Dev Internship AssigmentTests";
			productName = "iOS Dev Internship AssigmentTests";
			productReference = 52C8009A2C39535400053706 /* iOS Dev Internship AssigmentTests.xctest */;
			productType = "com.apple.product-type.bundle.unit-test";
		};
		52C800A32C39535400053706 /* iOS Dev Internship AssigmentUITests */ = {
			isa = PBXNativeTarget;
			buildConfigurationList = 52C800B42C39535400053706 /* Build configuration list for PBXNativeTarget "iOS Dev Internship AssigmentUITests" */;
			buildPhases = (
				52C800A02C39535400053706 /* Sources */,
				52C800A12C39535400053706 /* Frameworks */,
				52C800A22C39535400053706 /* Resources */,
			);
			buildRules = (
			);
			dependencies = (
				52C800A62C39535400053706 /* PBXTargetDependency */,
			);
			name = "iOS Dev Internship AssigmentUITests";
			productName = "iOS Dev Internship AssigmentUITests";
			productReference = 52C800A42C39535400053706 /* iOS Dev Internship AssigmentUITests.xctest */;
			productType = "com.apple.product-type.bundle.ui-testing";
		};
/* End PBXNativeTarget section */

/* Begin PBXProject section */
		52C800822C39535100053706 /* Project object */ = {
			isa = PBXProject;
			attributes = {
				BuildIndependentTargetsInParallel = 1;
				LastSwiftUpdateCheck = 1540;
				LastUpgradeCheck = 1540;
				TargetAttributes = {
					52C800892C39535100053706 = {
						CreatedOnToolsVersion = 15.4;
					};
					52C800992C39535400053706 = {
						CreatedOnToolsVersion = 15.4;
						TestTargetID = 52C800892C39535100053706;
					};
					52C800A32C39535400053706 = {
						CreatedOnToolsVersion = 15.4;
						TestTargetID = 52C800892C39535100053706;
					};
				};
			};
			buildConfigurationList = 52C800852C39535100053706 /* Build configuration list for PBXProject "iOS Dev Internship Assigment" */;
			compatibilityVersion = "Xcode 14.0";
			developmentRegion = en;
			hasScannedForEncodings = 0;
			knownRegions = (
				en,
				Base,
			);
			mainGroup = 52C800812C39535100053706;
			productRefGroup = 52C8008B2C39535100053706 /* Products */;
			projectDirPath = "";
			projectRoot = "";
			targets = (
				52C800892C39535100053706 /* iOS Dev Internship Assigment */,
				52C800992C39535400053706 /* iOS Dev Internship AssigmentTests */,
				52C800A32C39535400053706 /* iOS Dev Internship AssigmentUITests */,
			);
		};
/* End PBXProject section */

/* Begin PBXResourcesBuildPhase section */
		52C800882C39535100053706 /* Resources */ = {
			isa = PBXResourcesBuildPhase;
			buildActionMask = 2147483647;
			files = (
				521896332C3C7BB5009649A5 /* response.json in Resources */,
				52C800952C39535400053706 /* Preview Assets.xcassets in Resources */,
				52C800922C39535400053706 /* Assets.xcassets in Resources */,
				52C800B82C39550B00053706 /* test.mov in Resources */,
			);
			runOnlyForDeploymentPostprocessing = 0;
		};
		52C800982C39535400053706 /* Resources */ = {
			isa = PBXResourcesBuildPhase;
			buildActionMask = 2147483647;
			files = (
			);
			runOnlyForDeploymentPostprocessing = 0;
		};
		52C800A22C39535400053706 /* Resources */ = {
			isa = PBXResourcesBuildPhase;
			buildActionMask = 2147483647;
			files = (
			);
			runOnlyForDeploymentPostprocessing = 0;
		};
/* End PBXResourcesBuildPhase section */

/* Begin PBXSourcesBuildPhase section */
		52C800862C39535100053706 /* Sources */ = {
			isa = PBXSourcesBuildPhase;
			buildActionMask = 2147483647;
			files = (
				52C800902C39535100053706 /* ContentView.swift in Sources */,
				521896392C3C95EC009649A5 /* MainView.swift in Sources */,
				5218963B2C3C99A8009649A5 /* TranscriptView.swift in Sources */,
				52C8008E2C39535100053706 /* iOS_Dev_Internship_AssigmentApp.swift in Sources */,
				521896352C3C9295009649A5 /* HomeView.swift in Sources */,
				52C800BC2C39569C00053706 /* SubtitleModel.swift in Sources */,
				521896372C3C947C009649A5 /* SubtitleManager.swift in Sources */,
			);
			runOnlyForDeploymentPostprocessing = 0;
		};
		52C800962C39535400053706 /* Sources */ = {
			isa = PBXSourcesBuildPhase;
			buildActionMask = 2147483647;
			files = (
				52C8009F2C39535400053706 /* iOS_Dev_Internship_AssigmentTests.swift in Sources */,
			);
			runOnlyForDeploymentPostprocessing = 0;
		};
		52C800A02C39535400053706 /* Sources */ = {
			isa = PBXSourcesBuildPhase;
			buildActionMask = 2147483647;
			files = (
				52C800AB2C39535400053706 /* iOS_Dev_Internship_AssigmentUITestsLaunchTests.swift in Sources */,
				52C800A92C39535400053706 /* iOS_Dev_Internship_AssigmentUITests.swift in Sources */,
			);
			runOnlyForDeploymentPostprocessing = 0;
		};
/* End PBXSourcesBuildPhase section */

/* Begin PBXTargetDependency section */
		52C8009C2C39535400053706 /* PBXTargetDependency */ = {
			isa = PBXTargetDependency;
			target = 52C800892C39535100053706 /* iOS Dev Internship Assigment */;
			targetProxy = 52C8009B2C39535400053706 /* PBXContainerItemProxy */;
		};
		52C800A62C39535400053706 /* PBXTargetDependency */ = {
			isa = PBXTargetDependency;
			target = 52C800892C39535100053706 /* iOS Dev Internship Assigment */;
			targetProxy = 52C800A52C39535400053706 /* PBXContainerItemProxy */;
		};
/* End PBXTargetDependency section */

/* Begin XCBuildConfiguration section */
		52C800AC2C39535400053706 /* Debug */ = {
			isa = XCBuildConfiguration;
			buildSettings = {
				ALWAYS_SEARCH_USER_PATHS = NO;
				ASSETCATALOG_COMPILER_GENERATE_SWIFT_ASSET_SYMBOL_EXTENSIONS = YES;
				CLANG_ANALYZER_NONNULL = YES;
				CLANG_ANALYZER_NUMBER_OBJECT_CONVERSION = YES_AGGRESSIVE;
				CLANG_CXX_LANGUAGE_STANDARD = "gnu++20";
				CLANG_ENABLE_MODULES = YES;
				CLANG_ENABLE_OBJC_ARC = YES;
				CLANG_ENABLE_OBJC_WEAK = YES;
				CLANG_WARN_BLOCK_CAPTURE_AUTORELEASING = YES;
				CLANG_WARN_BOOL_CONVERSION = YES;
				CLANG_WARN_COMMA = YES;
				CLANG_WARN_CONSTANT_CONVERSION = YES;
				CLANG_WARN_DEPRECATED_OBJC_IMPLEMENTATIONS = YES;
				CLANG_WARN_DIRECT_OBJC_ISA_USAGE = YES_ERROR;
				CLANG_WARN_DOCUMENTATION_COMMENTS = YES;
				CLANG_WARN_EMPTY_BODY = YES;
				CLANG_WARN_ENUM_CONVERSION = YES;
				CLANG_WARN_INFINITE_RECURSION = YES;
				CLANG_WARN_INT_CONVERSION = YES;
				CLANG_WARN_NON_LITERAL_NULL_CONVERSION = YES;
				CLANG_WARN_OBJC_IMPLICIT_RETAIN_SELF = YES;
				CLANG_WARN_OBJC_LITERAL_CONVERSION = YES;
				CLANG_WARN_OBJC_ROOT_CLASS = YES_ERROR;
				CLANG_WARN_QUOTED_INCLUDE_IN_FRAMEWORK_HEADER = YES;
				CLANG_WARN_RANGE_LOOP_ANALYSIS = YES;
				CLANG_WARN_STRICT_PROTOTYPES = YES;
				CLANG_WARN_SUSPICIOUS_MOVE = YES;
				CLANG_WARN_UNGUARDED_AVAILABILITY = YES_AGGRESSIVE;
				CLANG_WARN_UNREACHABLE_CODE = YES;
				CLANG_WARN__DUPLICATE_METHOD_MATCH = YES;
				COPY_PHASE_STRIP = NO;
				DEBUG_INFORMATION_FORMAT = dwarf;
				ENABLE_STRICT_OBJC_MSGSEND = YES;
				ENABLE_TESTABILITY = YES;
				ENABLE_USER_SCRIPT_SANDBOXING = YES;
				GCC_C_LANGUAGE_STANDARD = gnu17;
				GCC_DYNAMIC_NO_PIC = NO;
				GCC_NO_COMMON_BLOCKS = YES;
				GCC_OPTIMIZATION_LEVEL = 0;
				GCC_PREPROCESSOR_DEFINITIONS = (
					"DEBUG=1",
					"$(inherited)",
				);
				GCC_WARN_64_TO_32_BIT_CONVERSION = YES;
				GCC_WARN_ABOUT_RETURN_TYPE = YES_ERROR;
				GCC_WARN_UNDECLARED_SELECTOR = YES;
				GCC_WARN_UNINITIALIZED_AUTOS = YES_AGGRESSIVE;
				GCC_WARN_UNUSED_FUNCTION = YES;
				GCC_WARN_UNUSED_VARIABLE = YES;
				IPHONEOS_DEPLOYMENT_TARGET = 17.5;
				LOCALIZATION_PREFERS_STRING_CATALOGS = YES;
				MTL_ENABLE_DEBUG_INFO = INCLUDE_SOURCE;
				MTL_FAST_MATH = YES;
				ONLY_ACTIVE_ARCH = YES;
				SDKROOT = iphoneos;
				SWIFT_ACTIVE_COMPILATION_CONDITIONS = "DEBUG $(inherited)";
				SWIFT_OPTIMIZATION_LEVEL = "-Onone";
			};
			name = Debug;
		};
		52C800AD2C39535400053706 /* Release */ = {
			isa = XCBuildConfiguration;
			buildSettings = {
				ALWAYS_SEARCH_USER_PATHS = NO;
				ASSETCATALOG_COMPILER_GENERATE_SWIFT_ASSET_SYMBOL_EXTENSIONS = YES;
				CLANG_ANALYZER_NONNULL = YES;
				CLANG_ANALYZER_NUMBER_OBJECT_CONVERSION = YES_AGGRESSIVE;
				CLANG_CXX_LANGUAGE_STANDARD = "gnu++20";
				CLANG_ENABLE_MODULES = YES;
				CLANG_ENABLE_OBJC_ARC = YES;
				CLANG_ENABLE_OBJC_WEAK = YES;
				CLANG_WARN_BLOCK_CAPTURE_AUTORELEASING = YES;
				CLANG_WARN_BOOL_CONVERSION = YES;
				CLANG_WARN_COMMA = YES;
				CLANG_WARN_CONSTANT_CONVERSION = YES;
				CLANG_WARN_DEPRECATED_OBJC_IMPLEMENTATIONS = YES;
				CLANG_WARN_DIRECT_OBJC_ISA_USAGE = YES_ERROR;
				CLANG_WARN_DOCUMENTATION_COMMENTS = YES;
				CLANG_WARN_EMPTY_BODY = YES;
				CLANG_WARN_ENUM_CONVERSION = YES;
				CLANG_WARN_INFINITE_RECURSION = YES;
				CLANG_WARN_INT_CONVERSION = YES;
				CLANG_WARN_NON_LITERAL_NULL_CONVERSION = YES;
				CLANG_WARN_OBJC_IMPLICIT_RETAIN_SELF = YES;
				CLANG_WARN_OBJC_LITERAL_CONVERSION = YES;
				CLANG_WARN_OBJC_ROOT_CLASS = YES_ERROR;
				CLANG_WARN_QUOTED_INCLUDE_IN_FRAMEWORK_HEADER = YES;
				CLANG_WARN_RANGE_LOOP_ANALYSIS = YES;
				CLANG_WARN_STRICT_PROTOTYPES = YES;
				CLANG_WARN_SUSPICIOUS_MOVE = YES;
				CLANG_WARN_UNGUARDED_AVAILABILITY = YES_AGGRESSIVE;
				CLANG_WARN_UNREACHABLE_CODE = YES;
				CLANG_WARN__DUPLICATE_METHOD_MATCH = YES;
				COPY_PHASE_STRIP = NO;
				DEBUG_INFORMATION_FORMAT = "dwarf-with-dsym";
				ENABLE_NS_ASSERTIONS = NO;
				ENABLE_STRICT_OBJC_MSGSEND = YES;
				ENABLE_USER_SCRIPT_SANDBOXING = YES;
				GCC_C_LANGUAGE_STANDARD = gnu17;
				GCC_NO_COMMON_BLOCKS = YES;
				GCC_WARN_64_TO_32_BIT_CONVERSION = YES;
				GCC_WARN_ABOUT_RETURN_TYPE = YES_ERROR;
				GCC_WARN_UNDECLARED_SELECTOR = YES;
				GCC_WARN_UNINITIALIZED_AUTOS = YES_AGGRESSIVE;
				GCC_WARN_UNUSED_FUNCTION = YES;
				GCC_WARN_UNUSED_VARIABLE = YES;
				IPHONEOS_DEPLOYMENT_TARGET = 17.5;
				LOCALIZATION_PREFERS_STRING_CATALOGS = YES;
				MTL_ENABLE_DEBUG_INFO = NO;
				MTL_FAST_MATH = YES;
				SDKROOT = iphoneos;
				SWIFT_COMPILATION_MODE = wholemodule;
				VALIDATE_PRODUCT = YES;
			};
			name = Release;
		};
		52C800AF2C39535400053706 /* Debug */ = {
			isa = XCBuildConfiguration;
			buildSettings = {
				ASSETCATALOG_COMPILER_APPICON_NAME = AppIcon;
				ASSETCATALOG_COMPILER_GLOBAL_ACCENT_COLOR_NAME = AccentColor;
				CODE_SIGN_STYLE = Automatic;
				CURRENT_PROJECT_VERSION = 1;
				DEVELOPMENT_ASSET_PATHS = "\"iOS Dev Internship Assigment/Preview Content\"";
				DEVELOPMENT_TEAM = R5SRU82TD9;
				ENABLE_PREVIEWS = YES;
				GENERATE_INFOPLIST_FILE = YES;
				INFOPLIST_KEY_UIApplicationSceneManifest_Generation = YES;
				INFOPLIST_KEY_UIApplicationSupportsIndirectInputEvents = YES;
				INFOPLIST_KEY_UILaunchScreen_Generation = YES;
				INFOPLIST_KEY_UISupportedInterfaceOrientations_iPad = "UIInterfaceOrientationPortrait UIInterfaceOrientationPortraitUpsideDown UIInterfaceOrientationLandscapeLeft UIInterfaceOrientationLandscapeRight";
				INFOPLIST_KEY_UISupportedInterfaceOrientations_iPhone = "UIInterfaceOrientationPortrait UIInterfaceOrientationLandscapeLeft UIInterfaceOrientationLandscapeRight";
				LD_RUNPATH_SEARCH_PATHS = (
					"$(inherited)",
					"@executable_path/Frameworks",
				);
				MARKETING_VERSION = 1.0;
				PRODUCT_BUNDLE_IDENTIFIER = "com.kevinthomas.iOS-Dev-Internship-Assigment";
				PRODUCT_NAME = "$(TARGET_NAME)";
				SWIFT_EMIT_LOC_STRINGS = YES;
				SWIFT_VERSION = 5.0;
				TARGETED_DEVICE_FAMILY = "1,2";
			};
			name = Debug;
		};
		52C800B02C39535400053706 /* Release */ = {
			isa = XCBuildConfiguration;
			buildSettings = {
				ASSETCATALOG_COMPILER_APPICON_NAME = AppIcon;
				ASSETCATALOG_COMPILER_GLOBAL_ACCENT_COLOR_NAME = AccentColor;
				CODE_SIGN_STYLE = Automatic;
				CURRENT_PROJECT_VERSION = 1;
				DEVELOPMENT_ASSET_PATHS = "\"iOS Dev Internship Assigment/Preview Content\"";
				DEVELOPMENT_TEAM = R5SRU82TD9;
				ENABLE_PREVIEWS = YES;
				GENERATE_INFOPLIST_FILE = YES;
				INFOPLIST_KEY_UIApplicationSceneManifest_Generation = YES;
				INFOPLIST_KEY_UIApplicationSupportsIndirectInputEvents = YES;
				INFOPLIST_KEY_UILaunchScreen_Generation = YES;
				INFOPLIST_KEY_UISupportedInterfaceOrientations_iPad = "UIInterfaceOrientationPortrait UIInterfaceOrientationPortraitUpsideDown UIInterfaceOrientationLandscapeLeft UIInterfaceOrientationLandscapeRight";
				INFOPLIST_KEY_UISupportedInterfaceOrientations_iPhone = "UIInterfaceOrientationPortrait UIInterfaceOrientationLandscapeLeft UIInterfaceOrientationLandscapeRight";
				LD_RUNPATH_SEARCH_PATHS = (
					"$(inherited)",
					"@executable_path/Frameworks",
				);
				MARKETING_VERSION = 1.0;
				PRODUCT_BUNDLE_IDENTIFIER = "com.kevinthomas.iOS-Dev-Internship-Assigment";
				PRODUCT_NAME = "$(TARGET_NAME)";
				SWIFT_EMIT_LOC_STRINGS = YES;
				SWIFT_VERSION = 5.0;
				TARGETED_DEVICE_FAMILY = "1,2";
			};
			name = Release;
		};
		52C800B22C39535400053706 /* Debug */ = {
			isa = XCBuildConfiguration;
			buildSettings = {
				ALWAYS_EMBED_SWIFT_STANDARD_LIBRARIES = YES;
				BUNDLE_LOADER = "$(TEST_HOST)";
				CODE_SIGN_STYLE = Automatic;
				CURRENT_PROJECT_VERSION = 1;
				DEVELOPMENT_TEAM = R5SRU82TD9;
				GENERATE_INFOPLIST_FILE = YES;
				IPHONEOS_DEPLOYMENT_TARGET = 17.5;
				MARKETING_VERSION = 1.0;
				PRODUCT_BUNDLE_IDENTIFIER = "com.kevinthomas.iOS-Dev-Internship-AssigmentTests";
				PRODUCT_NAME = "$(TARGET_NAME)";
				SWIFT_EMIT_LOC_STRINGS = NO;
				SWIFT_VERSION = 5.0;
				TARGETED_DEVICE_FAMILY = "1,2";
				TEST_HOST = "$(BUILT_PRODUCTS_DIR)/iOS Dev Internship Assigment.app/$(BUNDLE_EXECUTABLE_FOLDER_PATH)/iOS Dev Internship Assigment";
			};
			name = Debug;
		};
		52C800B32C39535400053706 /* Release */ = {
			isa = XCBuildConfiguration;
			buildSettings = {
				ALWAYS_EMBED_SWIFT_STANDARD_LIBRARIES = YES;
				BUNDLE_LOADER = "$(TEST_HOST)";
				CODE_SIGN_STYLE = Automatic;
				CURRENT_PROJECT_VERSION = 1;
				DEVELOPMENT_TEAM = R5SRU82TD9;
				GENERATE_INFOPLIST_FILE = YES;
				IPHONEOS_DEPLOYMENT_TARGET = 17.5;
				MARKETING_VERSION = 1.0;
				PRODUCT_BUNDLE_IDENTIFIER = "com.kevinthomas.iOS-Dev-Internship-AssigmentTests";
				PRODUCT_NAME = "$(TARGET_NAME)";
				SWIFT_EMIT_LOC_STRINGS = NO;
				SWIFT_VERSION = 5.0;
				TARGETED_DEVICE_FAMILY = "1,2";
				TEST_HOST = "$(BUILT_PRODUCTS_DIR)/iOS Dev Internship Assigment.app/$(BUNDLE_EXECUTABLE_FOLDER_PATH)/iOS Dev Internship Assigment";
			};
			name = Release;
		};
		52C800B52C39535400053706 /* Debug */ = {
			isa = XCBuildConfiguration;
			buildSettings = {
				ALWAYS_EMBED_SWIFT_STANDARD_LIBRARIES = YES;
				CODE_SIGN_STYLE = Automatic;
				CURRENT_PROJECT_VERSION = 1;
				DEVELOPMENT_TEAM = R5SRU82TD9;
				GENERATE_INFOPLIST_FILE = YES;
				MARKETING_VERSION = 1.0;
				PRODUCT_BUNDLE_IDENTIFIER = "com.kevinthomas.iOS-Dev-Internship-AssigmentUITests";
				PRODUCT_NAME = "$(TARGET_NAME)";
				SWIFT_EMIT_LOC_STRINGS = NO;
				SWIFT_VERSION = 5.0;
				TARGETED_DEVICE_FAMILY = "1,2";
				TEST_TARGET_NAME = "iOS Dev Internship Assigment";
			};
			name = Debug;
		};
		52C800B62C39535400053706 /* Release */ = {
			isa = XCBuildConfiguration;
			buildSettings = {
				ALWAYS_EMBED_SWIFT_STANDARD_LIBRARIES = YES;
				CODE_SIGN_STYLE = Automatic;
				CURRENT_PROJECT_VERSION = 1;
				DEVELOPMENT_TEAM = R5SRU82TD9;
				GENERATE_INFOPLIST_FILE = YES;
				MARKETING_VERSION = 1.0;
				PRODUCT_BUNDLE_IDENTIFIER = "com.kevinthomas.iOS-Dev-Internship-AssigmentUITests";
				PRODUCT_NAME = "$(TARGET_NAME)";
				SWIFT_EMIT_LOC_STRINGS = NO;
				SWIFT_VERSION = 5.0;
				TARGETED_DEVICE_FAMILY = "1,2";
				TEST_TARGET_NAME = "iOS Dev Internship Assigment";
			};
			name = Release;
		};
/* End XCBuildConfiguration section */

/* Begin XCConfigurationList section */
		52C800852C39535100053706 /* Build configuration list for PBXProject "iOS Dev Internship Assigment" */ = {
			isa = XCConfigurationList;
			buildConfigurations = (
				52C800AC2C39535400053706 /* Debug */,
				52C800AD2C39535400053706 /* Release */,
			);
			defaultConfigurationIsVisible = 0;
			defaultConfigurationName = Release;
		};
		52C800AE2C39535400053706 /* Build configuration list for PBXNativeTarget "iOS Dev Internship Assigment" */ = {
			isa = XCConfigurationList;
			buildConfigurations = (
				52C800AF2C39535400053706 /* Debug */,
				52C800B02C39535400053706 /* Release */,
			);
			defaultConfigurationIsVisible = 0;
			defaultConfigurationName = Release;
		};
		52C800B12C39535400053706 /* Build configuration list for PBXNativeTarget "iOS Dev Internship AssigmentTests" */ = {
			isa = XCConfigurationList;
			buildConfigurations = (
				52C800B22C39535400053706 /* Debug */,
				52C800B32C39535400053706 /* Release */,
			);
			defaultConfigurationIsVisible = 0;
			defaultConfigurationName = Release;
		};
		52C800B42C39535400053706 /* Build configuration list for PBXNativeTarget "iOS Dev Internship AssigmentUITests" */ = {
			isa = XCConfigurationList;
			buildConfigurations = (
				52C800B52C39535400053706 /* Debug */,
				52C800B62C39535400053706 /* Release */,
			);
			defaultConfigurationIsVisible = 0;
			defaultConfigurationName = Release;
		};
/* End XCConfigurationList section */
	};
	rootObject = 52C800822C39535100053706 /* Project object */;
}
